
Microsoft Visual Studio Solution File, Format Version 12.00
# Visual Studio Version 17
VisualStudioVersion = 17.14.36518.9
MinimumVisualStudioVersion = 10.0.40219.1
Project("{FAE04EC0-301F-11D3-BF4B-00C04F79EFBC}") = "FlowTree.Avalonia", "FlowTree.Avalonia\FlowTree.Avalonia.csproj", "{45C15E7B-198C-4BDD-989A-B3199515702F}"
EndProject
Global
	GlobalSection(SolutionConfigurationPlatforms) = preSolution
		Debug|Any CPU = Debug|Any CPU
		Release|Any CPU = Release|Any CPU
	EndGlobalSection
	GlobalSection(ProjectConfigurationPlatforms) = postSolution
		{45C15E7B-198C-4BDD-989A-B3199515702F}.Debug|Any CPU.ActiveCfg = Debug|Any CPU
		{45C15E7B-198C-4BDD-989A-B3199515702F}.Debug|Any CPU.Build.0 = Debug|Any CPU
		{45C15E7B-198C-4BDD-989A-B3199515702F}.Release|Any CPU.ActiveCfg = Release|Any CPU
		{45C15E7B-198C-4BDD-989A-B3199515702F}.Release|Any CPU.Build.0 = Release|Any CPU
	EndGlobalSection
	GlobalSection(SolutionProperties) = preSolution
		HideSolutionNode = FALSE
	EndGlobalSection
	GlobalSection(ExtensibilityGlobals) = postSolution
		SolutionGuid = {C70AD17C-46BC-404D-9A54-3F242FA885A0}
	EndGlobalSection
EndGlobal
